// !$*UTF8*$!
{
	archiveVersion = 1;
	classes = {
	};
	objectVersion = 77;
	objects = {

/* Begin PBXContainerItemProxy section */
		F6B971EF2D8ABF26007B7D24 /* PBXContainerItemProxy */ = {
			isa = PBXContainerItemProxy;
			containerPortal = F6B971D62D8ABF25007B7D24 /* Project object */;
			proxyType = 1;
			remoteGlobalIDString = F6B971DD2D8ABF25007B7D24;
			remoteInfo = "Solana-Beach";
		};
		F6B971F92D8ABF26007B7D24 /* PBXContainerItemProxy */ = {
			isa = PBXContainerItemProxy;
			containerPortal = F6B971D62D8ABF25007B7D24 /* Project object */;
			proxyType = 1;
			remoteGlobalIDString = F6B971DD2D8ABF25007B7D24;
			remoteInfo = "Solana-Beach";
		};
/* End PBXContainerItemProxy section */

/* Begin PBXFileReference section */
		F6B971DE2D8ABF25007B7D24 /* Solana-Beach.app */ = {isa = PBXFileReference; explicitFileType = wrapper.application; includeInIndex = 0; path = "Solana-Beach.app"; sourceTree = BUILT_PRODUCTS_DIR; };
		F6B971EE2D8ABF26007B7D24 /* Solana-BeachTests.xctest */ = {isa = PBXFileReference; explicitFileType = wrapper.cfbundle; includeInIndex = 0; path = "Solana-BeachTests.xctest"; sourceTree = BUILT_PRODUCTS_DIR; };
		F6B971F82D8ABF26007B7D24 /* Solana-BeachUITests.xctest */ = {isa = PBXFileReference; explicitFileType = wrapper.cfbundle; includeInIndex = 0; path = "Solana-BeachUITests.xctest"; sourceTree = BUILT_PRODUCTS_DIR; };
/* End PBXFileReference section */

/* Begin PBXFileSystemSynchronizedRootGroup section */
		F6B971E02D8ABF25007B7D24 /* Solana-Beach */ = {
			isa = PBXFileSystemSynchronizedRootGroup;
			path = "Solana-Beach";
			sourceTree = "<group>";
		};
		F6B971F12D8ABF26007B7D24 /* Solana-BeachTests */ = {
			isa = PBXFileSystemSynchronizedRootGroup;
			path = "Solana-BeachTests";
			sourceTree = "<group>";
		};
		F6B971FB2D8ABF26007B7D24 /* Solana-BeachUITests */ = {
			isa = PBXFileSystemSynchronizedRootGroup;
			path = "Solana-BeachUITests";
			sourceTree = "<group>";
		};
/* End PBXFileSystemSynchronizedRootGroup section */

/* Begin PBXFrameworksBuildPhase section */
		F6B971DB2D8ABF25007B7D24 /* Frameworks */ = {
			isa = PBXFrameworksBuildPhase;
			buildActionMask = 2147483647;
			files = (
			);
			runOnlyForDeploymentPostprocessing = 0;
		};
		F6B971EB2D8ABF26007B7D24 /* Frameworks */ = {
			isa = PBXFrameworksBuildPhase;
			buildActionMask = 2147483647;
			files = (
			);
			runOnlyForDeploymentPostprocessing = 0;
		};
		F6B971F52D8ABF26007B7D24 /* Frameworks */ = {
			isa = PBXFrameworksBuildPhase;
			buildActionMask = 2147483647;
			files = (
			);
			runOnlyForDeploymentPostprocessing = 0;
		};
/* End PBXFrameworksBuildPhase section */

/* Begin PBXGroup section */
		F6B971D52D8ABF25007B7D24 = {
			isa = PBXGroup;
			children = (
				F6B971E02D8ABF25007B7D24 /* Solana-Beach */,
				F6B971F12D8ABF26007B7D24 /* Solana-BeachTests */,
				F6B971FB2D8ABF26007B7D24 /* Solana-BeachUITests */,
				F6B971DF2D8ABF25007B7D24 /* Products */,
			);
			sourceTree = "<group>";
		};
		F6B971DF2D8ABF25007B7D24 /* Products */ = {
			isa = PBXGroup;
			children = (
				F6B971DE2D8ABF25007B7D24 /* Solana-Beach.app */,
				F6B971EE2D8ABF26007B7D24 /* Solana-BeachTests.xctest */,
				F6B971F82D8ABF26007B7D24 /* Solana-BeachUITests.xctest */,
			);
			name = Products;
			sourceTree = "<group>";
		};
/* End PBXGroup section */

/* Begin PBXNativeTarget section */
		F6B971DD2D8ABF25007B7D24 /* Solana-Beach */ = {
			isa = PBXNativeTarget;
			buildConfigurationList = F6B972022D8ABF26007B7D24 /* Build configuration list for PBXNativeTarget "Solana-Beach" */;
			buildPhases = (
				F6B971DA2D8ABF25007B7D24 /* Sources */,
				F6B971DB2D8ABF25007B7D24 /* Frameworks */,
				F6B971DC2D8ABF25007B7D24 /* Resources */,
			);
			buildRules = (
			);
			dependencies = (
			);
			fileSystemSynchronizedGroups = (
				F6B971E02D8ABF25007B7D24 /* Solana-Beach */,
			);
			name = "Solana-Beach";
			packageProductDependencies = (
			);
			productName = "Solana-Beach";
			productReference = F6B971DE2D8ABF25007B7D24 /* Solana-Beach.app */;
			productType = "com.apple.product-type.application";
		};
		F6B971ED2D8ABF26007B7D24 /* Solana-BeachTests */ = {
			isa = PBXNativeTarget;
			buildConfigurationList = F6B972052D8ABF26007B7D24 /* Build configuration list for PBXNativeTarget "Solana-BeachTests" */;
			buildPhases = (
				F6B971EA2D8ABF26007B7D24 /* Sources */,
				F6B971EB2D8ABF26007B7D24 /* Frameworks */,
				F6B971EC2D8ABF26007B7D24 /* Resources */,
			);
			buildRules = (
			);
			dependencies = (
				F6B971F02D8ABF26007B7D24 /* PBXTargetDependency */,
			);
			fileSystemSynchronizedGroups = (
				F6B971F12D8ABF26007B7D24 /* Solana-BeachTests */,
			);
			name = "Solana-BeachTests";
			packageProductDependencies = (
			);
			productName = "Solana-BeachTests";
			productReference = F6B971EE2D8ABF26007B7D24 /* Solana-BeachTests.xctest */;
			productType = "com.apple.product-type.bundle.unit-test";
		};
		F6B971F72D8ABF26007B7D24 /* Solana-BeachUITests */ = {
			isa = PBXNativeTarget;
			buildConfigurationList = F6B972082D8ABF26007B7D24 /* Build configuration list for PBXNativeTarget "Solana-BeachUITests" */;
			buildPhases = (
				F6B971F42D8ABF26007B7D24 /* Sources */,
				F6B971F52D8ABF26007B7D24 /* Frameworks */,
				F6B971F62D8ABF26007B7D24 /* Resources */,
			);
			buildRules = (
			);
			dependencies = (
				F6B971FA2D8ABF26007B7D24 /* PBXTargetDependency */,
			);
			fileSystemSynchronizedGroups = (
				F6B971FB2D8ABF26007B7D24 /* Solana-BeachUITests */,
			);
			name = "Solana-BeachUITests";
			packageProductDependencies = (
			);
			productName = "Solana-BeachUITests";
			productReference = F6B971F82D8ABF26007B7D24 /* Solana-BeachUITests.xctest */;
			productType = "com.apple.product-type.bundle.ui-testing";
		};
/* End PBXNativeTarget section */

/* Begin PBXProject section */
		F6B971D62D8ABF25007B7D24 /* Project object */ = {
			isa = PBXProject;
			attributes = {
				BuildIndependentTargetsInParallel = 1;
				LastSwiftUpdateCheck = 1620;
				LastUpgradeCheck = 1620;
				TargetAttributes = {
					F6B971DD2D8ABF25007B7D24 = {
						CreatedOnToolsVersion = 16.2;
					};
					F6B971ED2D8ABF26007B7D24 = {
						CreatedOnToolsVersion = 16.2;
						TestTargetID = F6B971DD2D8ABF25007B7D24;
					};
					F6B971F72D8ABF26007B7D24 = {
						CreatedOnToolsVersion = 16.2;
						TestTargetID = F6B971DD2D8ABF25007B7D24;
					};
				};
			};
			buildConfigurationList = F6B971D92D8ABF25007B7D24 /* Build configuration list for PBXProject "Solana-Beach" */;
			developmentRegion = en;
			hasScannedForEncodings = 0;
			knownRegions = (
				en,
				Base,
			);
			mainGroup = F6B971D52D8ABF25007B7D24;
			minimizedProjectReferenceProxies = 1;
			preferredProjectObjectVersion = 77;
			productRefGroup = F6B971DF2D8ABF25007B7D24 /* Products */;
			projectDirPath = "";
			projectRoot = "";
			targets = (
				F6B971DD2D8ABF25007B7D24 /* Solana-Beach */,
				F6B971ED2D8ABF26007B7D24 /* Solana-BeachTests */,
				F6B971F72D8ABF26007B7D24 /* Solana-BeachUITests */,
			);
		};
/* End PBXProject section */

/* Begin PBXResourcesBuildPhase section */
		F6B971DC2D8ABF25007B7D24 /* Resources */ = {
			isa = PBXResourcesBuildPhase;
			buildActionMask = 2147483647;
			files = (
			);
			runOnlyForDeploymentPostprocessing = 0;
		};
		F6B971EC2D8ABF26007B7D24 /* Resources */ = {
			isa = PBXResourcesBuildPhase;
			buildActionMask = 2147483647;
			files = (
			);
			runOnlyForDeploymentPostprocessing = 0;
		};
		F6B971F62D8ABF26007B7D24 /* Resources */ = {
			isa = PBXResourcesBuildPhase;
			buildActionMask = 2147483647;
			files = (
			);
			runOnlyForDeploymentPostprocessing = 0;
		};
/* End PBXResourcesBuildPhase section */

/* Begin PBXSourcesBuildPhase section */
		F6B971DA2D8ABF25007B7D24 /* Sources */ = {
			isa = PBXSourcesBuildPhase;
			buildActionMask = 2147483647;
			files = (
			);
			runOnlyForDeploymentPostprocessing = 0;
		};
		F6B971EA2D8ABF26007B7D24 /* Sources */ = {
			isa = PBXSourcesBuildPhase;
			buildActionMask = 2147483647;
			files = (
			);
			runOnlyForDeploymentPostprocessing = 0;
		};
		F6B971F42D8ABF26007B7D24 /* Sources */ = {
			isa = PBXSourcesBuildPhase;
			buildActionMask = 2147483647;
			files = (
			);
			runOnlyForDeploymentPostprocessing = 0;
		};
/* End PBXSourcesBuildPhase section */

/* Begin PBXTargetDependency section */
		F6B971F02D8ABF26007B7D24 /* PBXTargetDependency */ = {
			isa = PBXTargetDependency;
			target = F6B971DD2D8ABF25007B7D24 /* Solana-Beach */;
			targetProxy = F6B971EF2D8ABF26007B7D24 /* PBXContainerItemProxy */;
		};
		F6B971FA2D8ABF26007B7D24 /* PBXTargetDependency */ = {
			isa = PBXTargetDependency;
			target = F6B971DD2D8ABF25007B7D24 /* Solana-Beach */;
			targetProxy = F6B971F92D8ABF26007B7D24 /* PBXContainerItemProxy */;
		};
/* End PBXTargetDependency section */

/* Begin XCBuildConfiguration section */
		F6B972002D8ABF26007B7D24 /* Debug */ = {
			isa = XCBuildConfiguration;
			buildSettings = {
				ALWAYS_SEARCH_USER_PATHS = NO;
				ASSETCATALOG_COMPILER_GENERATE_SWIFT_ASSET_SYMBOL_EXTENSIONS = YES;
				CLANG_ANALYZER_NONNULL = YES;
				CLANG_ANALYZER_NUMBER_OBJECT_CONVERSION = YES_AGGRESSIVE;
				CLANG_CXX_LANGUAGE_STANDARD = "gnu++20";
				CLANG_ENABLE_MODULES = YES;
				CLANG_ENABLE_OBJC_ARC = YES;
				CLANG_ENABLE_OBJC_WEAK = YES;
				CLANG_WARN_BLOCK_CAPTURE_AUTORELEASING = YES;
				CLANG_WARN_BOOL_CONVERSION = YES;
				CLANG_WARN_COMMA = YES;
				CLANG_WARN_CONSTANT_CONVERSION = YES;
				CLANG_WARN_DEPRECATED_OBJC_IMPLEMENTATIONS = YES;
				CLANG_WARN_DIRECT_OBJC_ISA_USAGE = YES_ERROR;
				CLANG_WARN_DOCUMENTATION_COMMENTS = YES;
				CLANG_WARN_EMPTY_BODY = YES;
				CLANG_WARN_ENUM_CONVERSION = YES;
				CLANG_WARN_INFINITE_RECURSION = YES;
				CLANG_WARN_INT_CONVERSION = YES;
				CLANG_WARN_NON_LITERAL_NULL_CONVERSION = YES;
				CLANG_WARN_OBJC_IMPLICIT_RETAIN_SELF = YES;
				CLANG_WARN_OBJC_LITERAL_CONVERSION = YES;
				CLANG_WARN_OBJC_ROOT_CLASS = YES_ERROR;
				CLANG_WARN_QUOTED_INCLUDE_IN_FRAMEWORK_HEADER = YES;
				CLANG_WARN_RANGE_LOOP_ANALYSIS = YES;
				CLANG_WARN_STRICT_PROTOTYPES = YES;
				CLANG_WARN_SUSPICIOUS_MOVE = YES;
				CLANG_WARN_UNGUARDED_AVAILABILITY = YES_AGGRESSIVE;
				CLANG_WARN_UNREACHABLE_CODE = YES;
				CLANG_WARN__DUPLICATE_METHOD_MATCH = YES;
				COPY_PHASE_STRIP = NO;
				DEBUG_INFORMATION_FORMAT = dwarf;
				ENABLE_STRICT_OBJC_MSGSEND = YES;
				ENABLE_TESTABILITY = YES;
				ENABLE_USER_SCRIPT_SANDBOXING = YES;
				GCC_C_LANGUAGE_STANDARD = gnu17;
				GCC_DYNAMIC_NO_PIC = NO;
				GCC_NO_COMMON_BLOCKS = YES;
				GCC_OPTIMIZATION_LEVEL = 0;
				GCC_PREPROCESSOR_DEFINITIONS = (
					"DEBUG=1",
					"$(inherited)",
				);
				GCC_WARN_64_TO_32_BIT_CONVERSION = YES;
				GCC_WARN_ABOUT_RETURN_TYPE = YES_ERROR;
				GCC_WARN_UNDECLARED_SELECTOR = YES;
				GCC_WARN_UNINITIALIZED_AUTOS = YES_AGGRESSIVE;
				GCC_WARN_UNUSED_FUNCTION = YES;
				GCC_WARN_UNUSED_VARIABLE = YES;
				IPHONEOS_DEPLOYMENT_TARGET = 18.2;
				LOCALIZATION_PREFERS_STRING_CATALOGS = YES;
				MTL_ENABLE_DEBUG_INFO = INCLUDE_SOURCE;
				MTL_FAST_MATH = YES;
				ONLY_ACTIVE_ARCH = YES;
				SDKROOT = iphoneos;
				SWIFT_ACTIVE_COMPILATION_CONDITIONS = "DEBUG $(inherited)";
				SWIFT_OPTIMIZATION_LEVEL = "-Onone";
			};
			name = Debug;
		};
		F6B972012D8ABF26007B7D24 /* Release */ = {
			isa = XCBuildConfiguration;
			buildSettings = {
				ALWAYS_SEARCH_USER_PATHS = NO;
				ASSETCATALOG_COMPILER_GENERATE_SWIFT_ASSET_SYMBOL_EXTENSIONS = YES;
				CLANG_ANALYZER_NONNULL = YES;
				CLANG_ANALYZER_NUMBER_OBJECT_CONVERSION = YES_AGGRESSIVE;
				CLANG_CXX_LANGUAGE_STANDARD = "gnu++20";
				CLANG_ENABLE_MODULES = YES;
				CLANG_ENABLE_OBJC_ARC = YES;
				CLANG_ENABLE_OBJC_WEAK = YES;
				CLANG_WARN_BLOCK_CAPTURE_AUTORELEASING = YES;
				CLANG_WARN_BOOL_CONVERSION = YES;
				CLANG_WARN_COMMA = YES;
				CLANG_WARN_CONSTANT_CONVERSION = YES;
				CLANG_WARN_DEPRECATED_OBJC_IMPLEMENTATIONS = YES;
				CLANG_WARN_DIRECT_OBJC_ISA_USAGE = YES_ERROR;
				CLANG_WARN_DOCUMENTATION_COMMENTS = YES;
				CLANG_WARN_EMPTY_BODY = YES;
				CLANG_WARN_ENUM_CONVERSION = YES;
				CLANG_WARN_INFINITE_RECURSION = YES;
				CLANG_WARN_INT_CONVERSION = YES;
				CLANG_WARN_NON_LITERAL_NULL_CONVERSION = YES;
				CLANG_WARN_OBJC_IMPLICIT_RETAIN_SELF = YES;
				CLANG_WARN_OBJC_LITERAL_CONVERSION = YES;
				CLANG_WARN_OBJC_ROOT_CLASS = YES_ERROR;
				CLANG_WARN_QUOTED_INCLUDE_IN_FRAMEWORK_HEADER = YES;
				CLANG_WARN_RANGE_LOOP_ANALYSIS = YES;
				CLANG_WARN_STRICT_PROTOTYPES = YES;
				CLANG_WARN_SUSPICIOUS_MOVE = YES;
				CLANG_WARN_UNGUARDED_AVAILABILITY = YES_AGGRESSIVE;
				CLANG_WARN_UNREACHABLE_CODE = YES;
				CLANG_WARN__DUPLICATE_METHOD_MATCH = YES;
				COPY_PHASE_STRIP = NO;
				DEBUG_INFORMATION_FORMAT = "dwarf-with-dsym";
				ENABLE_NS_ASSERTIONS = NO;
				ENABLE_STRICT_OBJC_MSGSEND = YES;
				ENABLE_USER_SCRIPT_SANDBOXING = YES;
				GCC_C_LANGUAGE_STANDARD = gnu17;
				GCC_NO_COMMON_BLOCKS = YES;
				GCC_WARN_64_TO_32_BIT_CONVERSION = YES;
				GCC_WARN_ABOUT_RETURN_TYPE = YES_ERROR;
				GCC_WARN_UNDECLARED_SELECTOR = YES;
				GCC_WARN_UNINITIALIZED_AUTOS = YES_AGGRESSIVE;
				GCC_WARN_UNUSED_FUNCTION = YES;
				GCC_WARN_UNUSED_VARIABLE = YES;
				IPHONEOS_DEPLOYMENT_TARGET = 18.2;
				LOCALIZATION_PREFERS_STRING_CATALOGS = YES;
				MTL_ENABLE_DEBUG_INFO = NO;
				MTL_FAST_MATH = YES;
				SDKROOT = iphoneos;
				SWIFT_COMPILATION_MODE = wholemodule;
				VALIDATE_PRODUCT = YES;
			};
			name = Release;
		};
		F6B972032D8ABF26007B7D24 /* Debug */ = {
			isa = XCBuildConfiguration;
			buildSettings = {
				ASSETCATALOG_COMPILER_APPICON_NAME = AppIcon;
				ASSETCATALOG_COMPILER_GLOBAL_ACCENT_COLOR_NAME = AccentColor;
				CODE_SIGN_STYLE = Automatic;
				CURRENT_PROJECT_VERSION = 1;
				DEVELOPMENT_ASSET_PATHS = "\"Solana-Beach/Preview Content\"";
				ENABLE_PREVIEWS = YES;
				GENERATE_INFOPLIST_FILE = YES;
				INFOPLIST_KEY_UIApplicationSceneManifest_Generation = YES;
				INFOPLIST_KEY_UIApplicationSupportsIndirectInputEvents = YES;
				INFOPLIST_KEY_UILaunchScreen_Generation = YES;
				INFOPLIST_KEY_UISupportedInterfaceOrientations_iPad = "UIInterfaceOrientationPortrait UIInterfaceOrientationPortraitUpsideDown UIInterfaceOrientationLandscapeLeft UIInterfaceOrientationLandscapeRight";
				INFOPLIST_KEY_UISupportedInterfaceOrientations_iPhone = "UIInterfaceOrientationPortrait UIInterfaceOrientationLandscapeLeft UIInterfaceOrientationLandscapeRight";
				LD_RUNPATH_SEARCH_PATHS = (
					"$(inherited)",
					"@executable_path/Frameworks",
				);
				MARKETING_VERSION = 1.0;
				PRODUCT_BUNDLE_IDENTIFIER = "tobias.Solana-Beach";
				PRODUCT_NAME = "$(TARGET_NAME)";
				SWIFT_EMIT_LOC_STRINGS = YES;
				SWIFT_VERSION = 5.0;
				TARGETED_DEVICE_FAMILY = "1,2";
			};
			name = Debug;
		};
		F6B972042D8ABF26007B7D24 /* Release */ = {
			isa = XCBuildConfiguration;
			buildSettings = {
				ASSETCATALOG_COMPILER_APPICON_NAME = AppIcon;
				ASSETCATALOG_COMPILER_GLOBAL_ACCENT_COLOR_NAME = AccentColor;
				CODE_SIGN_STYLE = Automatic;
				CURRENT_PROJECT_VERSION = 1;
				DEVELOPMENT_ASSET_PATHS = "\"Solana-Beach/Preview Content\"";
				ENABLE_PREVIEWS = YES;
				GENERATE_INFOPLIST_FILE = YES;
				INFOPLIST_KEY_UIApplicationSceneManifest_Generation = YES;
				INFOPLIST_KEY_UIApplicationSupportsIndirectInputEvents = YES;
				INFOPLIST_KEY_UILaunchScreen_Generation = YES;
				INFOPLIST_KEY_UISupportedInterfaceOrientations_iPad = "UIInterfaceOrientationPortrait UIInterfaceOrientationPortraitUpsideDown UIInterfaceOrientationLandscapeLeft UIInterfaceOrientationLandscapeRight";
				INFOPLIST_KEY_UISupportedInterfaceOrientations_iPhone = "UIInterfaceOrientationPortrait UIInterfaceOrientationLandscapeLeft UIInterfaceOrientationLandscapeRight";
				LD_RUNPATH_SEARCH_PATHS = (
					"$(inherited)",
					"@executable_path/Frameworks",
				);
				MARKETING_VERSION = 1.0;
				PRODUCT_BUNDLE_IDENTIFIER = "tobias.Solana-Beach";
				PRODUCT_NAME = "$(TARGET_NAME)";
				SWIFT_EMIT_LOC_STRINGS = YES;
				SWIFT_VERSION = 5.0;
				TARGETED_DEVICE_FAMILY = "1,2";
			};
			name = Release;
		};
		F6B972062D8ABF26007B7D24 /* Debug */ = {
			isa = XCBuildConfiguration;
			buildSettings = {
				BUNDLE_LOADER = "$(TEST_HOST)";
				CODE_SIGN_STYLE = Automatic;
				CURRENT_PROJECT_VERSION = 1;
				GENERATE_INFOPLIST_FILE = YES;
				IPHONEOS_DEPLOYMENT_TARGET = 18.2;
				MARKETING_VERSION = 1.0;
				PRODUCT_BUNDLE_IDENTIFIER = "tobias.Solana-BeachTests";
				PRODUCT_NAME = "$(TARGET_NAME)";
				SWIFT_EMIT_LOC_STRINGS = NO;
				SWIFT_VERSION = 5.0;
				TARGETED_DEVICE_FAMILY = "1,2";
				TEST_HOST = "$(BUILT_PRODUCTS_DIR)/Solana-Beach.app/$(BUNDLE_EXECUTABLE_FOLDER_PATH)/Solana-Beach";
			};
			name = Debug;
		};
		F6B972072D8ABF26007B7D24 /* Release */ = {
			isa = XCBuildConfiguration;
			buildSettings = {
				BUNDLE_LOADER = "$(TEST_HOST)";
				CODE_SIGN_STYLE = Automatic;
				CURRENT_PROJECT_VERSION = 1;
				GENERATE_INFOPLIST_FILE = YES;
				IPHONEOS_DEPLOYMENT_TARGET = 18.2;
				MARKETING_VERSION = 1.0;
				PRODUCT_BUNDLE_IDENTIFIER = "tobias.Solana-BeachTests";
				PRODUCT_NAME = "$(TARGET_NAME)";
				SWIFT_EMIT_LOC_STRINGS = NO;
				SWIFT_VERSION = 5.0;
				TARGETED_DEVICE_FAMILY = "1,2";
				TEST_HOST = "$(BUILT_PRODUCTS_DIR)/Solana-Beach.app/$(BUNDLE_EXECUTABLE_FOLDER_PATH)/Solana-Beach";
			};
			name = Release;
		};
		F6B972092D8ABF26007B7D24 /* Debug */ = {
			isa = XCBuildConfiguration;
			buildSettings = {
				CODE_SIGN_STYLE = Automatic;
				CURRENT_PROJECT_VERSION = 1;
				GENERATE_INFOPLIST_FILE = YES;
				MARKETING_VERSION = 1.0;
				PRODUCT_BUNDLE_IDENTIFIER = "tobias.Solana-BeachUITests";
				PRODUCT_NAME = "$(TARGET_NAME)";
				SWIFT_EMIT_LOC_STRINGS = NO;
				SWIFT_VERSION = 5.0;
				TARGETED_DEVICE_FAMILY = "1,2";
				TEST_TARGET_NAME = "Solana-Beach";
			};
			name = Debug;
		};
		F6B9720A2D8ABF26007B7D24 /* Release */ = {
			isa = XCBuildConfiguration;
			buildSettings = {
				CODE_SIGN_STYLE = Automatic;
				CURRENT_PROJECT_VERSION = 1;
				GENERATE_INFOPLIST_FILE = YES;
				MARKETING_VERSION = 1.0;
				PRODUCT_BUNDLE_IDENTIFIER = "tobias.Solana-BeachUITests";
				PRODUCT_NAME = "$(TARGET_NAME)";
				SWIFT_EMIT_LOC_STRINGS = NO;
				SWIFT_VERSION = 5.0;
				TARGETED_DEVICE_FAMILY = "1,2";
				TEST_TARGET_NAME = "Solana-Beach";
			};
			name = Release;
		};
/* End XCBuildConfiguration section */

/* Begin XCConfigurationList section */
		F6B971D92D8ABF25007B7D24 /* Build configuration list for PBXProject "Solana-Beach" */ = {
			isa = XCConfigurationList;
			buildConfigurations = (
				F6B972002D8ABF26007B7D24 /* Debug */,
				F6B972012D8ABF26007B7D24 /* Release */,
			);
			defaultConfigurationIsVisible = 0;
			defaultConfigurationName = Release;
		};
		F6B972022D8ABF26007B7D24 /* Build configuration list for PBXNativeTarget "Solana-Beach" */ = {
			isa = XCConfigurationList;
			buildConfigurations = (
				F6B972032D8ABF26007B7D24 /* Debug */,
				F6B972042D8ABF26007B7D24 /* Release */,
			);
			defaultConfigurationIsVisible = 0;
			defaultConfigurationName = Release;
		};
		F6B972052D8ABF26007B7D24 /* Build configuration list for PBXNativeTarget "Solana-BeachTests" */ = {
			isa = XCConfigurationList;
			buildConfigurations = (
				F6B972062D8ABF26007B7D24 /* Debug */,
				F6B972072D8ABF26007B7D24 /* Release */,
			);
			defaultConfigurationIsVisible = 0;
			defaultConfigurationName = Release;
		};
		F6B972082D8ABF26007B7D24 /* Build configuration list for PBXNativeTarget "Solana-BeachUITests" */ = {
			isa = XCConfigurationList;
			buildConfigurations = (
				F6B972092D8ABF26007B7D24 /* Debug */,
				F6B9720A2D8ABF26007B7D24 /* Release */,
			);
			defaultConfigurationIsVisible = 0;
			defaultConfigurationName = Release;
		};
/* End XCConfigurationList section */
	};
	rootObject = F6B971D62D8ABF25007B7D24 /* Project object */;
}
